// !$*UTF8*$!
{
	archiveVersion = 1;
	classes = {
	};
	objectVersion = 55;
	objects = {

/* Begin PBXBuildFile section */
		0EFC20FD272B2FE5003FCAF7 /* TinDogApp.swift in Sources */ = {isa = PBXBuildFile; fileRef = 0EFC20FC272B2FE5003FCAF7 /* TinDogApp.swift */; };
		0EFC20FF272B2FE5003FCAF7 /* ContentView.swift in Sources */ = {isa = PBXBuildFile; fileRef = 0EFC20FE272B2FE5003FCAF7 /* ContentView.swift */; };
		0EFC2101272B2FE6003FCAF7 /* Assets.xcassets in Resources */ = {isa = PBXBuildFile; fileRef = 0EFC2100272B2FE6003FCAF7 /* Assets.xcassets */; };
		0EFC2104272B2FE6003FCAF7 /* Preview Assets.xcassets in Resources */ = {isa = PBXBuildFile; fileRef = 0EFC2103272B2FE6003FCAF7 /* Preview Assets.xcassets */; };
		0EFC210E272B2FE6003FCAF7 /* TinDogTests.swift in Sources */ = {isa = PBXBuildFile; fileRef = 0EFC210D272B2FE6003FCAF7 /* TinDogTests.swift */; };
		0EFC2118272B2FE6003FCAF7 /* TinDogUITests.swift in Sources */ = {isa = PBXBuildFile; fileRef = 0EFC2117272B2FE6003FCAF7 /* TinDogUITests.swift */; };
		0EFC211A272B2FE6003FCAF7 /* TinDogUITestsLaunchTests.swift in Sources */ = {isa = PBXBuildFile; fileRef = 0EFC2119272B2FE6003FCAF7 /* TinDogUITestsLaunchTests.swift */; };
		7C01E3F8855BFCC3E6D8A01E /* Pods_TinDog_TinDogUITests.framework in Frameworks */ = {isa = PBXBuildFile; fileRef = 7834C12CFA77AFB7566BE7F4 /* Pods_TinDog_TinDogUITests.framework */; };
		8C855EE02730D9C900567EF0 /* GoogleService-Info.plist in Resources */ = {isa = PBXBuildFile; fileRef = 8C855EDF2730D9C900567EF0 /* GoogleService-Info.plist */; };
		A90373D45140B12AD7B63540 /* Pods_TinDog.framework in Frameworks */ = {isa = PBXBuildFile; fileRef = 4C167B9A51BD45B115BDE42A /* Pods_TinDog.framework */; };
		A943B50A9A6E92456E6111F7 /* Pods_TinDogTests.framework in Frameworks */ = {isa = PBXBuildFile; fileRef = 03F97190D1740AF583BD2485 /* Pods_TinDogTests.framework */; };
/* End PBXBuildFile section */

/* Begin PBXContainerItemProxy section */
		0EFC210A272B2FE6003FCAF7 /* PBXContainerItemProxy */ = {
			isa = PBXContainerItemProxy;
			containerPortal = 0EFC20F1272B2FE5003FCAF7 /* Project object */;
			proxyType = 1;
			remoteGlobalIDString = 0EFC20F8272B2FE5003FCAF7;
			remoteInfo = TinDog;
		};
		0EFC2114272B2FE6003FCAF7 /* PBXContainerItemProxy */ = {
			isa = PBXContainerItemProxy;
			containerPortal = 0EFC20F1272B2FE5003FCAF7 /* Project object */;
			proxyType = 1;
			remoteGlobalIDString = 0EFC20F8272B2FE5003FCAF7;
			remoteInfo = TinDog;
		};
/* End PBXContainerItemProxy section */

/* Begin PBXFileReference section */
		0039CB1BBB5FE673AA7DD0BE /* Pods-TinDog-TinDogUITests.release.xcconfig */ = {isa = PBXFileReference; includeInIndex = 1; lastKnownFileType = text.xcconfig; name = "Pods-TinDog-TinDogUITests.release.xcconfig"; path = "Target Support Files/Pods-TinDog-TinDogUITests/Pods-TinDog-TinDogUITests.release.xcconfig"; sourceTree = "<group>"; };
		0380CB80FE317DBE20ADCB3A /* Pods-TinDog-TinDogUITests.debug.xcconfig */ = {isa = PBXFileReference; includeInIndex = 1; lastKnownFileType = text.xcconfig; name = "Pods-TinDog-TinDogUITests.debug.xcconfig"; path = "Target Support Files/Pods-TinDog-TinDogUITests/Pods-TinDog-TinDogUITests.debug.xcconfig"; sourceTree = "<group>"; };
		03F97190D1740AF583BD2485 /* Pods_TinDogTests.framework */ = {isa = PBXFileReference; explicitFileType = wrapper.framework; includeInIndex = 0; path = Pods_TinDogTests.framework; sourceTree = BUILT_PRODUCTS_DIR; };
		0EFC20F9272B2FE5003FCAF7 /* TinDog.app */ = {isa = PBXFileReference; explicitFileType = wrapper.application; includeInIndex = 0; path = TinDog.app; sourceTree = BUILT_PRODUCTS_DIR; };
		0EFC20FC272B2FE5003FCAF7 /* TinDogApp.swift */ = {isa = PBXFileReference; lastKnownFileType = sourcecode.swift; path = TinDogApp.swift; sourceTree = "<group>"; };
		0EFC20FE272B2FE5003FCAF7 /* ContentView.swift */ = {isa = PBXFileReference; lastKnownFileType = sourcecode.swift; path = ContentView.swift; sourceTree = "<group>"; };
		0EFC2100272B2FE6003FCAF7 /* Assets.xcassets */ = {isa = PBXFileReference; lastKnownFileType = folder.assetcatalog; path = Assets.xcassets; sourceTree = "<group>"; };
		0EFC2103272B2FE6003FCAF7 /* Preview Assets.xcassets */ = {isa = PBXFileReference; lastKnownFileType = folder.assetcatalog; path = "Preview Assets.xcassets"; sourceTree = "<group>"; };
		0EFC2109272B2FE6003FCAF7 /* TinDogTests.xctest */ = {isa = PBXFileReference; explicitFileType = wrapper.cfbundle; includeInIndex = 0; path = TinDogTests.xctest; sourceTree = BUILT_PRODUCTS_DIR; };
		0EFC210D272B2FE6003FCAF7 /* TinDogTests.swift */ = {isa = PBXFileReference; lastKnownFileType = sourcecode.swift; path = TinDogTests.swift; sourceTree = "<group>"; };
		0EFC2113272B2FE6003FCAF7 /* TinDogUITests.xctest */ = {isa = PBXFileReference; explicitFileType = wrapper.cfbundle; includeInIndex = 0; path = TinDogUITests.xctest; sourceTree = BUILT_PRODUCTS_DIR; };
		0EFC2117272B2FE6003FCAF7 /* TinDogUITests.swift */ = {isa = PBXFileReference; lastKnownFileType = sourcecode.swift; path = TinDogUITests.swift; sourceTree = "<group>"; };
		0EFC2119272B2FE6003FCAF7 /* TinDogUITestsLaunchTests.swift */ = {isa = PBXFileReference; lastKnownFileType = sourcecode.swift; path = TinDogUITestsLaunchTests.swift; sourceTree = "<group>"; };
		4B66617679E0FFB7168F3032 /* Pods-TinDogTests.debug.xcconfig */ = {isa = PBXFileReference; includeInIndex = 1; lastKnownFileType = text.xcconfig; name = "Pods-TinDogTests.debug.xcconfig"; path = "Target Support Files/Pods-TinDogTests/Pods-TinDogTests.debug.xcconfig"; sourceTree = "<group>"; };
		4C167B9A51BD45B115BDE42A /* Pods_TinDog.framework */ = {isa = PBXFileReference; explicitFileType = wrapper.framework; includeInIndex = 0; path = Pods_TinDog.framework; sourceTree = BUILT_PRODUCTS_DIR; };
		5D3FCDBB740C14B829307601 /* Pods-TinDog.debug.xcconfig */ = {isa = PBXFileReference; includeInIndex = 1; lastKnownFileType = text.xcconfig; name = "Pods-TinDog.debug.xcconfig"; path = "Target Support Files/Pods-TinDog/Pods-TinDog.debug.xcconfig"; sourceTree = "<group>"; };
		7834C12CFA77AFB7566BE7F4 /* Pods_TinDog_TinDogUITests.framework */ = {isa = PBXFileReference; explicitFileType = wrapper.framework; includeInIndex = 0; path = Pods_TinDog_TinDogUITests.framework; sourceTree = BUILT_PRODUCTS_DIR; };
		8C855EDF2730D9C900567EF0 /* GoogleService-Info.plist */ = {isa = PBXFileReference; fileEncoding = 4; lastKnownFileType = text.plist.xml; path = "GoogleService-Info.plist"; sourceTree = "<group>"; };
		95D7B3BDE99DE81ADF3E93D7 /* Pods-TinDogTests.release.xcconfig */ = {isa = PBXFileReference; includeInIndex = 1; lastKnownFileType = text.xcconfig; name = "Pods-TinDogTests.release.xcconfig"; path = "Target Support Files/Pods-TinDogTests/Pods-TinDogTests.release.xcconfig"; sourceTree = "<group>"; };
		B24DF1D46FECACBAE0C4AB28 /* Pods-TinDog.release.xcconfig */ = {isa = PBXFileReference; includeInIndex = 1; lastKnownFileType = text.xcconfig; name = "Pods-TinDog.release.xcconfig"; path = "Target Support Files/Pods-TinDog/Pods-TinDog.release.xcconfig"; sourceTree = "<group>"; };
/* End PBXFileReference section */

/* Begin PBXFrameworksBuildPhase section */
		0EFC20F6272B2FE5003FCAF7 /* Frameworks */ = {
			isa = PBXFrameworksBuildPhase;
			buildActionMask = 2147483647;
			files = (
				A90373D45140B12AD7B63540 /* Pods_TinDog.framework in Frameworks */,
			);
			runOnlyForDeploymentPostprocessing = 0;
		};
		0EFC2106272B2FE6003FCAF7 /* Frameworks */ = {
			isa = PBXFrameworksBuildPhase;
			buildActionMask = 2147483647;
			files = (
				A943B50A9A6E92456E6111F7 /* Pods_TinDogTests.framework in Frameworks */,
			);
			runOnlyForDeploymentPostprocessing = 0;
		};
		0EFC2110272B2FE6003FCAF7 /* Frameworks */ = {
			isa = PBXFrameworksBuildPhase;
			buildActionMask = 2147483647;
			files = (
				7C01E3F8855BFCC3E6D8A01E /* Pods_TinDog_TinDogUITests.framework in Frameworks */,
			);
			runOnlyForDeploymentPostprocessing = 0;
		};
/* End PBXFrameworksBuildPhase section */

/* Begin PBXGroup section */
		0EFC20F0272B2FE5003FCAF7 = {
			isa = PBXGroup;
			children = (
				0EFC20FB272B2FE5003FCAF7 /* TinDog */,
				0EFC210C272B2FE6003FCAF7 /* TinDogTests */,
				0EFC2116272B2FE6003FCAF7 /* TinDogUITests */,
				0EFC20FA272B2FE5003FCAF7 /* Products */,
				AA2AE5E97C68AC2D0EEDE582 /* Pods */,
				6418A0C51E2EE49D47BF56D3 /* Frameworks */,
			);
			sourceTree = "<group>";
		};
		0EFC20FA272B2FE5003FCAF7 /* Products */ = {
			isa = PBXGroup;
			children = (
				0EFC20F9272B2FE5003FCAF7 /* TinDog.app */,
				0EFC2109272B2FE6003FCAF7 /* TinDogTests.xctest */,
				0EFC2113272B2FE6003FCAF7 /* TinDogUITests.xctest */,
			);
			name = Products;
			sourceTree = "<group>";
		};
		0EFC20FB272B2FE5003FCAF7 /* TinDog */ = {
			isa = PBXGroup;
			children = (
				0EFC20FC272B2FE5003FCAF7 /* TinDogApp.swift */,
				0EFC20FE272B2FE5003FCAF7 /* ContentView.swift */,
				0EFC2100272B2FE6003FCAF7 /* Assets.xcassets */,
				8C855EDF2730D9C900567EF0 /* GoogleService-Info.plist */,
				0EFC2102272B2FE6003FCAF7 /* Preview Content */,
			);
			path = TinDog;
			sourceTree = "<group>";
		};
		0EFC2102272B2FE6003FCAF7 /* Preview Content */ = {
			isa = PBXGroup;
			children = (
				0EFC2103272B2FE6003FCAF7 /* Preview Assets.xcassets */,
			);
			path = "Preview Content";
			sourceTree = "<group>";
		};
		0EFC210C272B2FE6003FCAF7 /* TinDogTests */ = {
			isa = PBXGroup;
			children = (
				0EFC210D272B2FE6003FCAF7 /* TinDogTests.swift */,
			);
			path = TinDogTests;
			sourceTree = "<group>";
		};
		0EFC2116272B2FE6003FCAF7 /* TinDogUITests */ = {
			isa = PBXGroup;
			children = (
				0EFC2117272B2FE6003FCAF7 /* TinDogUITests.swift */,
				0EFC2119272B2FE6003FCAF7 /* TinDogUITestsLaunchTests.swift */,
			);
			path = TinDogUITests;
			sourceTree = "<group>";
		};
		6418A0C51E2EE49D47BF56D3 /* Frameworks */ = {
			isa = PBXGroup;
			children = (
				4C167B9A51BD45B115BDE42A /* Pods_TinDog.framework */,
				7834C12CFA77AFB7566BE7F4 /* Pods_TinDog_TinDogUITests.framework */,
				03F97190D1740AF583BD2485 /* Pods_TinDogTests.framework */,
			);
			name = Frameworks;
			sourceTree = "<group>";
		};
		AA2AE5E97C68AC2D0EEDE582 /* Pods */ = {
			isa = PBXGroup;
			children = (
				5D3FCDBB740C14B829307601 /* Pods-TinDog.debug.xcconfig */,
				B24DF1D46FECACBAE0C4AB28 /* Pods-TinDog.release.xcconfig */,
				0380CB80FE317DBE20ADCB3A /* Pods-TinDog-TinDogUITests.debug.xcconfig */,
				0039CB1BBB5FE673AA7DD0BE /* Pods-TinDog-TinDogUITests.release.xcconfig */,
				4B66617679E0FFB7168F3032 /* Pods-TinDogTests.debug.xcconfig */,
				95D7B3BDE99DE81ADF3E93D7 /* Pods-TinDogTests.release.xcconfig */,
			);
			name = Pods;
			path = Pods;
			sourceTree = "<group>";
		};
/* End PBXGroup section */

/* Begin PBXNativeTarget section */
		0EFC20F8272B2FE5003FCAF7 /* TinDog */ = {
			isa = PBXNativeTarget;
			buildConfigurationList = 0EFC211D272B2FE6003FCAF7 /* Build configuration list for PBXNativeTarget "TinDog" */;
			buildPhases = (
				6D259101F6144A29E1A774EC /* [CP] Check Pods Manifest.lock */,
				0EFC20F5272B2FE5003FCAF7 /* Sources */,
				0EFC20F6272B2FE5003FCAF7 /* Frameworks */,
				0EFC20F7272B2FE5003FCAF7 /* Resources */,
				6FBEC9334776B8BB818FA5C0 /* [CP] Embed Pods Frameworks */,
			);
			buildRules = (
			);
			dependencies = (
			);
			name = TinDog;
			productName = TinDog;
			productReference = 0EFC20F9272B2FE5003FCAF7 /* TinDog.app */;
			productType = "com.apple.product-type.application";
		};
		0EFC2108272B2FE6003FCAF7 /* TinDogTests */ = {
			isa = PBXNativeTarget;
			buildConfigurationList = 0EFC2120272B2FE6003FCAF7 /* Build configuration list for PBXNativeTarget "TinDogTests" */;
			buildPhases = (
				ABC49412B4171BD217B3A73A /* [CP] Check Pods Manifest.lock */,
				0EFC2105272B2FE6003FCAF7 /* Sources */,
				0EFC2106272B2FE6003FCAF7 /* Frameworks */,
				0EFC2107272B2FE6003FCAF7 /* Resources */,
			);
			buildRules = (
			);
			dependencies = (
				0EFC210B272B2FE6003FCAF7 /* PBXTargetDependency */,
			);
			name = TinDogTests;
			productName = TinDogTests;
			productReference = 0EFC2109272B2FE6003FCAF7 /* TinDogTests.xctest */;
			productType = "com.apple.product-type.bundle.unit-test";
		};
		0EFC2112272B2FE6003FCAF7 /* TinDogUITests */ = {
			isa = PBXNativeTarget;
			buildConfigurationList = 0EFC2123272B2FE6003FCAF7 /* Build configuration list for PBXNativeTarget "TinDogUITests" */;
			buildPhases = (
				D5BE98A596E004AD53016185 /* [CP] Check Pods Manifest.lock */,
				0EFC210F272B2FE6003FCAF7 /* Sources */,
				0EFC2110272B2FE6003FCAF7 /* Frameworks */,
				0EFC2111272B2FE6003FCAF7 /* Resources */,
				DA6FB15F781531B041EF53C6 /* [CP] Embed Pods Frameworks */,
			);
			buildRules = (
			);
			dependencies = (
				0EFC2115272B2FE6003FCAF7 /* PBXTargetDependency */,
			);
			name = TinDogUITests;
			productName = TinDogUITests;
			productReference = 0EFC2113272B2FE6003FCAF7 /* TinDogUITests.xctest */;
			productType = "com.apple.product-type.bundle.ui-testing";
		};
/* End PBXNativeTarget section */

/* Begin PBXProject section */
		0EFC20F1272B2FE5003FCAF7 /* Project object */ = {
			isa = PBXProject;
			attributes = {
				BuildIndependentTargetsInParallel = 1;
				LastSwiftUpdateCheck = 1310;
				LastUpgradeCheck = 1310;
				TargetAttributes = {
					0EFC20F8272B2FE5003FCAF7 = {
						CreatedOnToolsVersion = 13.1;
					};
					0EFC2108272B2FE6003FCAF7 = {
						CreatedOnToolsVersion = 13.1;
						TestTargetID = 0EFC20F8272B2FE5003FCAF7;
					};
					0EFC2112272B2FE6003FCAF7 = {
						CreatedOnToolsVersion = 13.1;
						TestTargetID = 0EFC20F8272B2FE5003FCAF7;
					};
				};
			};
			buildConfigurationList = 0EFC20F4272B2FE5003FCAF7 /* Build configuration list for PBXProject "TinDog" */;
			compatibilityVersion = "Xcode 13.0";
			developmentRegion = en;
			hasScannedForEncodings = 0;
			knownRegions = (
				en,
				Base,
			);
			mainGroup = 0EFC20F0272B2FE5003FCAF7;
			productRefGroup = 0EFC20FA272B2FE5003FCAF7 /* Products */;
			projectDirPath = "";
			projectRoot = "";
			targets = (
				0EFC20F8272B2FE5003FCAF7 /* TinDog */,
				0EFC2108272B2FE6003FCAF7 /* TinDogTests */,
				0EFC2112272B2FE6003FCAF7 /* TinDogUITests */,
			);
		};
/* End PBXProject section */

/* Begin PBXResourcesBuildPhase section */
		0EFC20F7272B2FE5003FCAF7 /* Resources */ = {
			isa = PBXResourcesBuildPhase;
			buildActionMask = 2147483647;
			files = (
				0EFC2104272B2FE6003FCAF7 /* Preview Assets.xcassets in Resources */,
				0EFC2101272B2FE6003FCAF7 /* Assets.xcassets in Resources */,
				8C855EE02730D9C900567EF0 /* GoogleService-Info.plist in Resources */,
			);
			runOnlyForDeploymentPostprocessing = 0;
		};
		0EFC2107272B2FE6003FCAF7 /* Resources */ = {
			isa = PBXResourcesBuildPhase;
			buildActionMask = 2147483647;
			files = (
			);
			runOnlyForDeploymentPostprocessing = 0;
		};
		0EFC2111272B2FE6003FCAF7 /* Resources */ = {
			isa = PBXResourcesBuildPhase;
			buildActionMask = 2147483647;
			files = (
			);
			runOnlyForDeploymentPostprocessing = 0;
		};
/* End PBXResourcesBuildPhase section */

/* Begin PBXShellScriptBuildPhase section */
		6D259101F6144A29E1A774EC /* [CP] Check Pods Manifest.lock */ = {
			isa = PBXShellScriptBuildPhase;
			buildActionMask = 2147483647;
			files = (
			);
			inputFileListPaths = (
			);
			inputPaths = (
				"${PODS_PODFILE_DIR_PATH}/Podfile.lock",
				"${PODS_ROOT}/Manifest.lock",
			);
			name = "[CP] Check Pods Manifest.lock";
			outputFileListPaths = (
			);
			outputPaths = (
				"$(DERIVED_FILE_DIR)/Pods-TinDog-checkManifestLockResult.txt",
			);
			runOnlyForDeploymentPostprocessing = 0;
			shellPath = /bin/sh;
			shellScript = "diff \"${PODS_PODFILE_DIR_PATH}/Podfile.lock\" \"${PODS_ROOT}/Manifest.lock\" > /dev/null\nif [ $? != 0 ] ; then\n    # print error to STDERR\n    echo \"error: The sandbox is not in sync with the Podfile.lock. Run 'pod install' or update your CocoaPods installation.\" >&2\n    exit 1\nfi\n# This output is used by Xcode 'outputs' to avoid re-running this script phase.\necho \"SUCCESS\" > \"${SCRIPT_OUTPUT_FILE_0}\"\n";
			showEnvVarsInLog = 0;
		};
		6FBEC9334776B8BB818FA5C0 /* [CP] Embed Pods Frameworks */ = {
			isa = PBXShellScriptBuildPhase;
			buildActionMask = 2147483647;
			files = (
			);
			inputFileListPaths = (
				"${PODS_ROOT}/Target Support Files/Pods-TinDog/Pods-TinDog-frameworks-${CONFIGURATION}-input-files.xcfilelist",
			);
			name = "[CP] Embed Pods Frameworks";
			outputFileListPaths = (
				"${PODS_ROOT}/Target Support Files/Pods-TinDog/Pods-TinDog-frameworks-${CONFIGURATION}-output-files.xcfilelist",
			);
			runOnlyForDeploymentPostprocessing = 0;
			shellPath = /bin/sh;
			shellScript = "\"${PODS_ROOT}/Target Support Files/Pods-TinDog/Pods-TinDog-frameworks.sh\"\n";
			showEnvVarsInLog = 0;
		};
		ABC49412B4171BD217B3A73A /* [CP] Check Pods Manifest.lock */ = {
			isa = PBXShellScriptBuildPhase;
			buildActionMask = 2147483647;
			files = (
			);
			inputFileListPaths = (
			);
			inputPaths = (
				"${PODS_PODFILE_DIR_PATH}/Podfile.lock",
				"${PODS_ROOT}/Manifest.lock",
			);
			name = "[CP] Check Pods Manifest.lock";
			outputFileListPaths = (
			);
			outputPaths = (
				"$(DERIVED_FILE_DIR)/Pods-TinDogTests-checkManifestLockResult.txt",
			);
			runOnlyForDeploymentPostprocessing = 0;
			shellPath = /bin/sh;
			shellScript = "diff \"${PODS_PODFILE_DIR_PATH}/Podfile.lock\" \"${PODS_ROOT}/Manifest.lock\" > /dev/null\nif [ $? != 0 ] ; then\n    # print error to STDERR\n    echo \"error: The sandbox is not in sync with the Podfile.lock. Run 'pod install' or update your CocoaPods installation.\" >&2\n    exit 1\nfi\n# This output is used by Xcode 'outputs' to avoid re-running this script phase.\necho \"SUCCESS\" > \"${SCRIPT_OUTPUT_FILE_0}\"\n";
			showEnvVarsInLog = 0;
		};
		D5BE98A596E004AD53016185 /* [CP] Check Pods Manifest.lock */ = {
			isa = PBXShellScriptBuildPhase;
			buildActionMask = 2147483647;
			files = (
			);
			inputFileListPaths = (
			);
			inputPaths = (
				"${PODS_PODFILE_DIR_PATH}/Podfile.lock",
				"${PODS_ROOT}/Manifest.lock",
			);
			name = "[CP] Check Pods Manifest.lock";
			outputFileListPaths = (
			);
			outputPaths = (
				"$(DERIVED_FILE_DIR)/Pods-TinDog-TinDogUITests-checkManifestLockResult.txt",
			);
			runOnlyForDeploymentPostprocessing = 0;
			shellPath = /bin/sh;
			shellScript = "diff \"${PODS_PODFILE_DIR_PATH}/Podfile.lock\" \"${PODS_ROOT}/Manifest.lock\" > /dev/null\nif [ $? != 0 ] ; then\n    # print error to STDERR\n    echo \"error: The sandbox is not in sync with the Podfile.lock. Run 'pod install' or update your CocoaPods installation.\" >&2\n    exit 1\nfi\n# This output is used by Xcode 'outputs' to avoid re-running this script phase.\necho \"SUCCESS\" > \"${SCRIPT_OUTPUT_FILE_0}\"\n";
			showEnvVarsInLog = 0;
		};
		DA6FB15F781531B041EF53C6 /* [CP] Embed Pods Frameworks */ = {
			isa = PBXShellScriptBuildPhase;
			buildActionMask = 2147483647;
			files = (
			);
			inputFileListPaths = (
				"${PODS_ROOT}/Target Support Files/Pods-TinDog-TinDogUITests/Pods-TinDog-TinDogUITests-frameworks-${CONFIGURATION}-input-files.xcfilelist",
			);
			name = "[CP] Embed Pods Frameworks";
			outputFileListPaths = (
				"${PODS_ROOT}/Target Support Files/Pods-TinDog-TinDogUITests/Pods-TinDog-TinDogUITests-frameworks-${CONFIGURATION}-output-files.xcfilelist",
			);
			runOnlyForDeploymentPostprocessing = 0;
			shellPath = /bin/sh;
			shellScript = "\"${PODS_ROOT}/Target Support Files/Pods-TinDog-TinDogUITests/Pods-TinDog-TinDogUITests-frameworks.sh\"\n";
			showEnvVarsInLog = 0;
		};
/* End PBXShellScriptBuildPhase section */

/* Begin PBXSourcesBuildPhase section */
		0EFC20F5272B2FE5003FCAF7 /* Sources */ = {
			isa = PBXSourcesBuildPhase;
			buildActionMask = 2147483647;
			files = (
				0EFC20FF272B2FE5003FCAF7 /* ContentView.swift in Sources */,
				0EFC20FD272B2FE5003FCAF7 /* TinDogApp.swift in Sources */,
			);
			runOnlyForDeploymentPostprocessing = 0;
		};
		0EFC2105272B2FE6003FCAF7 /* Sources */ = {
			isa = PBXSourcesBuildPhase;
			buildActionMask = 2147483647;
			files = (
				0EFC210E272B2FE6003FCAF7 /* TinDogTests.swift in Sources */,
			);
			runOnlyForDeploymentPostprocessing = 0;
		};
		0EFC210F272B2FE6003FCAF7 /* Sources */ = {
			isa = PBXSourcesBuildPhase;
			buildActionMask = 2147483647;
			files = (
				0EFC2118272B2FE6003FCAF7 /* TinDogUITests.swift in Sources */,
				0EFC211A272B2FE6003FCAF7 /* TinDogUITestsLaunchTests.swift in Sources */,
			);
			runOnlyForDeploymentPostprocessing = 0;
		};
/* End PBXSourcesBuildPhase section */

/* Begin PBXTargetDependency section */
		0EFC210B272B2FE6003FCAF7 /* PBXTargetDependency */ = {
			isa = PBXTargetDependency;
			target = 0EFC20F8272B2FE5003FCAF7 /* TinDog */;
			targetProxy = 0EFC210A272B2FE6003FCAF7 /* PBXContainerItemProxy */;
		};
		0EFC2115272B2FE6003FCAF7 /* PBXTargetDependency */ = {
			isa = PBXTargetDependency;
			target = 0EFC20F8272B2FE5003FCAF7 /* TinDog */;
			targetProxy = 0EFC2114272B2FE6003FCAF7 /* PBXContainerItemProxy */;
		};
/* End PBXTargetDependency section */

/* Begin XCBuildConfiguration section */
		0EFC211B272B2FE6003FCAF7 /* Debug */ = {
			isa = XCBuildConfiguration;
			buildSettings = {
				ALWAYS_SEARCH_USER_PATHS = NO;
				CLANG_ANALYZER_NONNULL = YES;
				CLANG_ANALYZER_NUMBER_OBJECT_CONVERSION = YES_AGGRESSIVE;
				CLANG_CXX_LANGUAGE_STANDARD = "gnu++17";
				CLANG_CXX_LIBRARY = "libc++";
				CLANG_ENABLE_MODULES = YES;
				CLANG_ENABLE_OBJC_ARC = YES;
				CLANG_ENABLE_OBJC_WEAK = YES;
				CLANG_WARN_BLOCK_CAPTURE_AUTORELEASING = YES;
				CLANG_WARN_BOOL_CONVERSION = YES;
				CLANG_WARN_COMMA = YES;
				CLANG_WARN_CONSTANT_CONVERSION = YES;
				CLANG_WARN_DEPRECATED_OBJC_IMPLEMENTATIONS = YES;
				CLANG_WARN_DIRECT_OBJC_ISA_USAGE = YES_ERROR;
				CLANG_WARN_DOCUMENTATION_COMMENTS = YES;
				CLANG_WARN_EMPTY_BODY = YES;
				CLANG_WARN_ENUM_CONVERSION = YES;
				CLANG_WARN_INFINITE_RECURSION = YES;
				CLANG_WARN_INT_CONVERSION = YES;
				CLANG_WARN_NON_LITERAL_NULL_CONVERSION = YES;
				CLANG_WARN_OBJC_IMPLICIT_RETAIN_SELF = YES;
				CLANG_WARN_OBJC_LITERAL_CONVERSION = YES;
				CLANG_WARN_OBJC_ROOT_CLASS = YES_ERROR;
				CLANG_WARN_QUOTED_INCLUDE_IN_FRAMEWORK_HEADER = YES;
				CLANG_WARN_RANGE_LOOP_ANALYSIS = YES;
				CLANG_WARN_STRICT_PROTOTYPES = YES;
				CLANG_WARN_SUSPICIOUS_MOVE = YES;
				CLANG_WARN_UNGUARDED_AVAILABILITY = YES_AGGRESSIVE;
				CLANG_WARN_UNREACHABLE_CODE = YES;
				CLANG_WARN__DUPLICATE_METHOD_MATCH = YES;
				COPY_PHASE_STRIP = NO;
				DEBUG_INFORMATION_FORMAT = dwarf;
				ENABLE_STRICT_OBJC_MSGSEND = YES;
				ENABLE_TESTABILITY = YES;
				GCC_C_LANGUAGE_STANDARD = gnu11;
				GCC_DYNAMIC_NO_PIC = NO;
				GCC_NO_COMMON_BLOCKS = YES;
				GCC_OPTIMIZATION_LEVEL = 0;
				GCC_PREPROCESSOR_DEFINITIONS = (
					"DEBUG=1",
					"$(inherited)",
				);
				GCC_WARN_64_TO_32_BIT_CONVERSION = YES;
				GCC_WARN_ABOUT_RETURN_TYPE = YES_ERROR;
				GCC_WARN_UNDECLARED_SELECTOR = YES;
				GCC_WARN_UNINITIALIZED_AUTOS = YES_AGGRESSIVE;
				GCC_WARN_UNUSED_FUNCTION = YES;
				GCC_WARN_UNUSED_VARIABLE = YES;
				IPHONEOS_DEPLOYMENT_TARGET = 15.0;
				MTL_ENABLE_DEBUG_INFO = INCLUDE_SOURCE;
				MTL_FAST_MATH = YES;
				ONLY_ACTIVE_ARCH = YES;
				SDKROOT = iphoneos;
				SWIFT_ACTIVE_COMPILATION_CONDITIONS = DEBUG;
				SWIFT_OPTIMIZATION_LEVEL = "-Onone";
			};
			name = Debug;
		};
		0EFC211C272B2FE6003FCAF7 /* Release */ = {
			isa = XCBuildConfiguration;
			buildSettings = {
				ALWAYS_SEARCH_USER_PATHS = NO;
				CLANG_ANALYZER_NONNULL = YES;
				CLANG_ANALYZER_NUMBER_OBJECT_CONVERSION = YES_AGGRESSIVE;
				CLANG_CXX_LANGUAGE_STANDARD = "gnu++17";
				CLANG_CXX_LIBRARY = "libc++";
				CLANG_ENABLE_MODULES = YES;
				CLANG_ENABLE_OBJC_ARC = YES;
				CLANG_ENABLE_OBJC_WEAK = YES;
				CLANG_WARN_BLOCK_CAPTURE_AUTORELEASING = YES;
				CLANG_WARN_BOOL_CONVERSION = YES;
				CLANG_WARN_COMMA = YES;
				CLANG_WARN_CONSTANT_CONVERSION = YES;
				CLANG_WARN_DEPRECATED_OBJC_IMPLEMENTATIONS = YES;
				CLANG_WARN_DIRECT_OBJC_ISA_USAGE = YES_ERROR;
				CLANG_WARN_DOCUMENTATION_COMMENTS = YES;
				CLANG_WARN_EMPTY_BODY = YES;
				CLANG_WARN_ENUM_CONVERSION = YES;
				CLANG_WARN_INFINITE_RECURSION = YES;
				CLANG_WARN_INT_CONVERSION = YES;
				CLANG_WARN_NON_LITERAL_NULL_CONVERSION = YES;
				CLANG_WARN_OBJC_IMPLICIT_RETAIN_SELF = YES;
				CLANG_WARN_OBJC_LITERAL_CONVERSION = YES;
				CLANG_WARN_OBJC_ROOT_CLASS = YES_ERROR;
				CLANG_WARN_QUOTED_INCLUDE_IN_FRAMEWORK_HEADER = YES;
				CLANG_WARN_RANGE_LOOP_ANALYSIS = YES;
				CLANG_WARN_STRICT_PROTOTYPES = YES;
				CLANG_WARN_SUSPICIOUS_MOVE = YES;
				CLANG_WARN_UNGUARDED_AVAILABILITY = YES_AGGRESSIVE;
				CLANG_WARN_UNREACHABLE_CODE = YES;
				CLANG_WARN__DUPLICATE_METHOD_MATCH = YES;
				COPY_PHASE_STRIP = NO;
				DEBUG_INFORMATION_FORMAT = "dwarf-with-dsym";
				ENABLE_NS_ASSERTIONS = NO;
				ENABLE_STRICT_OBJC_MSGSEND = YES;
				GCC_C_LANGUAGE_STANDARD = gnu11;
				GCC_NO_COMMON_BLOCKS = YES;
				GCC_WARN_64_TO_32_BIT_CONVERSION = YES;
				GCC_WARN_ABOUT_RETURN_TYPE = YES_ERROR;
				GCC_WARN_UNDECLARED_SELECTOR = YES;
				GCC_WARN_UNINITIALIZED_AUTOS = YES_AGGRESSIVE;
				GCC_WARN_UNUSED_FUNCTION = YES;
				GCC_WARN_UNUSED_VARIABLE = YES;
				IPHONEOS_DEPLOYMENT_TARGET = 15.0;
				MTL_ENABLE_DEBUG_INFO = NO;
				MTL_FAST_MATH = YES;
				SDKROOT = iphoneos;
				SWIFT_COMPILATION_MODE = wholemodule;
				SWIFT_OPTIMIZATION_LEVEL = "-O";
				VALIDATE_PRODUCT = YES;
			};
			name = Release;
		};
		0EFC211E272B2FE6003FCAF7 /* Debug */ = {
			isa = XCBuildConfiguration;
			baseConfigurationReference = 5D3FCDBB740C14B829307601 /* Pods-TinDog.debug.xcconfig */;
			buildSettings = {
				ASSETCATALOG_COMPILER_APPICON_NAME = AppIcon;
				ASSETCATALOG_COMPILER_GLOBAL_ACCENT_COLOR_NAME = AccentColor;
				CODE_SIGN_STYLE = Automatic;
				CURRENT_PROJECT_VERSION = 1;
				DEVELOPMENT_ASSET_PATHS = "\"TinDog/Preview Content\"";
				DEVELOPMENT_TEAM = 827F2SB9G7;
				ENABLE_PREVIEWS = YES;
				GENERATE_INFOPLIST_FILE = YES;
				INFOPLIST_KEY_UIApplicationSceneManifest_Generation = YES;
				INFOPLIST_KEY_UIApplicationSupportsIndirectInputEvents = YES;
				INFOPLIST_KEY_UILaunchScreen_Generation = YES;
				INFOPLIST_KEY_UISupportedInterfaceOrientations_iPad = "UIInterfaceOrientationPortrait UIInterfaceOrientationPortraitUpsideDown UIInterfaceOrientationLandscapeLeft UIInterfaceOrientationLandscapeRight";
				INFOPLIST_KEY_UISupportedInterfaceOrientations_iPhone = "UIInterfaceOrientationPortrait UIInterfaceOrientationLandscapeLeft UIInterfaceOrientationLandscapeRight";
				LD_RUNPATH_SEARCH_PATHS = (
					"$(inherited)",
					"@executable_path/Frameworks",
				);
				MARKETING_VERSION = 1.0;
				PRODUCT_BUNDLE_IDENTIFIER = CST438.TinDog;
				PRODUCT_NAME = "$(TARGET_NAME)";
				SWIFT_EMIT_LOC_STRINGS = YES;
				SWIFT_VERSION = 5.0;
				TARGETED_DEVICE_FAMILY = "1,2";
			};
			name = Debug;
		};
		0EFC211F272B2FE6003FCAF7 /* Release */ = {
			isa = XCBuildConfiguration;
			baseConfigurationReference = B24DF1D46FECACBAE0C4AB28 /* Pods-TinDog.release.xcconfig */;
			buildSettings = {
				ASSETCATALOG_COMPILER_APPICON_NAME = AppIcon;
				ASSETCATALOG_COMPILER_GLOBAL_ACCENT_COLOR_NAME = AccentColor;
				CODE_SIGN_STYLE = Automatic;
				CURRENT_PROJECT_VERSION = 1;
				DEVELOPMENT_ASSET_PATHS = "\"TinDog/Preview Content\"";
				DEVELOPMENT_TEAM = 827F2SB9G7;
				ENABLE_PREVIEWS = YES;
				GENERATE_INFOPLIST_FILE = YES;
				INFOPLIST_KEY_UIApplicationSceneManifest_Generation = YES;
				INFOPLIST_KEY_UIApplicationSupportsIndirectInputEvents = YES;
				INFOPLIST_KEY_UILaunchScreen_Generation = YES;
				INFOPLIST_KEY_UISupportedInterfaceOrientations_iPad = "UIInterfaceOrientationPortrait UIInterfaceOrientationPortraitUpsideDown UIInterfaceOrientationLandscapeLeft UIInterfaceOrientationLandscapeRight";
				INFOPLIST_KEY_UISupportedInterfaceOrientations_iPhone = "UIInterfaceOrientationPortrait UIInterfaceOrientationLandscapeLeft UIInterfaceOrientationLandscapeRight";
				LD_RUNPATH_SEARCH_PATHS = (
					"$(inherited)",
					"@executable_path/Frameworks",
				);
				MARKETING_VERSION = 1.0;
				PRODUCT_BUNDLE_IDENTIFIER = CST438.TinDog;
				PRODUCT_NAME = "$(TARGET_NAME)";
				SWIFT_EMIT_LOC_STRINGS = YES;
				SWIFT_VERSION = 5.0;
				TARGETED_DEVICE_FAMILY = "1,2";
			};
			name = Release;
		};
		0EFC2121272B2FE6003FCAF7 /* Debug */ = {
			isa = XCBuildConfiguration;
			baseConfigurationReference = 4B66617679E0FFB7168F3032 /* Pods-TinDogTests.debug.xcconfig */;
			buildSettings = {
				ALWAYS_EMBED_SWIFT_STANDARD_LIBRARIES = YES;
				BUNDLE_LOADER = "$(TEST_HOST)";
				CODE_SIGN_STYLE = Automatic;
				CURRENT_PROJECT_VERSION = 1;
				DEVELOPMENT_TEAM = 827F2SB9G7;
				GENERATE_INFOPLIST_FILE = YES;
				IPHONEOS_DEPLOYMENT_TARGET = 15.0;
				LD_RUNPATH_SEARCH_PATHS = (
					"$(inherited)",
					"@executable_path/Frameworks",
					"@loader_path/Frameworks",
				);
				MARKETING_VERSION = 1.0;
				PRODUCT_BUNDLE_IDENTIFIER = CST438.TinDogTests;
				PRODUCT_NAME = "$(TARGET_NAME)";
				SWIFT_EMIT_LOC_STRINGS = NO;
				SWIFT_VERSION = 5.0;
				TARGETED_DEVICE_FAMILY = "1,2";
				TEST_HOST = "$(BUILT_PRODUCTS_DIR)/TinDog.app/TinDog";
			};
			name = Debug;
		};
		0EFC2122272B2FE6003FCAF7 /* Release */ = {
			isa = XCBuildConfiguration;
			baseConfigurationReference = 95D7B3BDE99DE81ADF3E93D7 /* Pods-TinDogTests.release.xcconfig */;
			buildSettings = {
				ALWAYS_EMBED_SWIFT_STANDARD_LIBRARIES = YES;
				BUNDLE_LOADER = "$(TEST_HOST)";
				CODE_SIGN_STYLE = Automatic;
				CURRENT_PROJECT_VERSION = 1;
				DEVELOPMENT_TEAM = 827F2SB9G7;
				GENERATE_INFOPLIST_FILE = YES;
				IPHONEOS_DEPLOYMENT_TARGET = 15.0;
				LD_RUNPATH_SEARCH_PATHS = (
					"$(inherited)",
					"@executable_path/Frameworks",
					"@loader_path/Frameworks",
				);
				MARKETING_VERSION = 1.0;
				PRODUCT_BUNDLE_IDENTIFIER = CST438.TinDogTests;
				PRODUCT_NAME = "$(TARGET_NAME)";
				SWIFT_EMIT_LOC_STRINGS = NO;
				SWIFT_VERSION = 5.0;
				TARGETED_DEVICE_FAMILY = "1,2";
				TEST_HOST = "$(BUILT_PRODUCTS_DIR)/TinDog.app/TinDog";
			};
			name = Release;
		};
		0EFC2124272B2FE6003FCAF7 /* Debug */ = {
			isa = XCBuildConfiguration;
			baseConfigurationReference = 0380CB80FE317DBE20ADCB3A /* Pods-TinDog-TinDogUITests.debug.xcconfig */;
			buildSettings = {
				ALWAYS_EMBED_SWIFT_STANDARD_LIBRARIES = YES;
				CODE_SIGN_STYLE = Automatic;
				CURRENT_PROJECT_VERSION = 1;
				DEVELOPMENT_TEAM = 827F2SB9G7;
				GENERATE_INFOPLIST_FILE = YES;
				LD_RUNPATH_SEARCH_PATHS = (
					"$(inherited)",
					"@executable_path/Frameworks",
					"@loader_path/Frameworks",
				);
				MARKETING_VERSION = 1.0;
				PRODUCT_BUNDLE_IDENTIFIER = CST438.TinDogUITests;
				PRODUCT_NAME = "$(TARGET_NAME)";
				SWIFT_EMIT_LOC_STRINGS = NO;
				SWIFT_VERSION = 5.0;
				TARGETED_DEVICE_FAMILY = "1,2";
				TEST_TARGET_NAME = TinDog;
			};
			name = Debug;
		};
		0EFC2125272B2FE6003FCAF7 /* Release */ = {
			isa = XCBuildConfiguration;
			baseConfigurationReference = 0039CB1BBB5FE673AA7DD0BE /* Pods-TinDog-TinDogUITests.release.xcconfig */;
			buildSettings = {
				ALWAYS_EMBED_SWIFT_STANDARD_LIBRARIES = YES;
				CODE_SIGN_STYLE = Automatic;
				CURRENT_PROJECT_VERSION = 1;
				DEVELOPMENT_TEAM = 827F2SB9G7;
				GENERATE_INFOPLIST_FILE = YES;
				LD_RUNPATH_SEARCH_PATHS = (
					"$(inherited)",
					"@executable_path/Frameworks",
					"@loader_path/Frameworks",
				);
				MARKETING_VERSION = 1.0;
				PRODUCT_BUNDLE_IDENTIFIER = CST438.TinDogUITests;
				PRODUCT_NAME = "$(TARGET_NAME)";
				SWIFT_EMIT_LOC_STRINGS = NO;
				SWIFT_VERSION = 5.0;
				TARGETED_DEVICE_FAMILY = "1,2";
				TEST_TARGET_NAME = TinDog;
			};
			name = Release;
		};
/* End XCBuildConfiguration section */

/* Begin XCConfigurationList section */
		0EFC20F4272B2FE5003FCAF7 /* Build configuration list for PBXProject "TinDog" */ = {
			isa = XCConfigurationList;
			buildConfigurations = (
				0EFC211B272B2FE6003FCAF7 /* Debug */,
				0EFC211C272B2FE6003FCAF7 /* Release */,
			);
			defaultConfigurationIsVisible = 0;
			defaultConfigurationName = Release;
		};
		0EFC211D272B2FE6003FCAF7 /* Build configuration list for PBXNativeTarget "TinDog" */ = {
			isa = XCConfigurationList;
			buildConfigurations = (
				0EFC211E272B2FE6003FCAF7 /* Debug */,
				0EFC211F272B2FE6003FCAF7 /* Release */,
			);
			defaultConfigurationIsVisible = 0;
			defaultConfigurationName = Release;
		};
		0EFC2120272B2FE6003FCAF7 /* Build configuration list for PBXNativeTarget "TinDogTests" */ = {
			isa = XCConfigurationList;
			buildConfigurations = (
				0EFC2121272B2FE6003FCAF7 /* Debug */,
				0EFC2122272B2FE6003FCAF7 /* Release */,
			);
			defaultConfigurationIsVisible = 0;
			defaultConfigurationName = Release;
		};
		0EFC2123272B2FE6003FCAF7 /* Build configuration list for PBXNativeTarget "TinDogUITests" */ = {
			isa = XCConfigurationList;
			buildConfigurations = (
				0EFC2124272B2FE6003FCAF7 /* Debug */,
				0EFC2125272B2FE6003FCAF7 /* Release */,
			);
			defaultConfigurationIsVisible = 0;
			defaultConfigurationName = Release;
		};
/* End XCConfigurationList section */
	};
	rootObject = 0EFC20F1272B2FE5003FCAF7 /* Project object */;
}
