// !$*UTF8*$!
{
	archiveVersion = 1;
	classes = {
	};
	objectVersion = 55;
	objects = {

/* Begin PBXBuildFile section */
		0E09853C27434190009AAB3E /* GoogleService-Info.plist in Resources */ = {isa = PBXBuildFile; fileRef = 0E09853B27434190009AAB3E /* GoogleService-Info.plist */; };
		0E36ACE72744EFC000936088 /* WelcomeViewController.swift in Sources */ = {isa = PBXBuildFile; fileRef = 0E36ACE62744EFC000936088 /* WelcomeViewController.swift */; };
		0E36ACE92744EFEA00936088 /* RegisterViewController.swift in Sources */ = {isa = PBXBuildFile; fileRef = 0E36ACE82744EFEA00936088 /* RegisterViewController.swift */; };
		0EA8607727334F2800CD38D7 /* AppDelegate.swift in Sources */ = {isa = PBXBuildFile; fileRef = 0EA8607627334F2800CD38D7 /* AppDelegate.swift */; };
		0EA8607927334F2800CD38D7 /* SceneDelegate.swift in Sources */ = {isa = PBXBuildFile; fileRef = 0EA8607827334F2800CD38D7 /* SceneDelegate.swift */; };
		0EA8607E27334F2800CD38D7 /* Main.storyboard in Resources */ = {isa = PBXBuildFile; fileRef = 0EA8607C27334F2800CD38D7 /* Main.storyboard */; };
		0EA8608027334F2900CD38D7 /* Assets.xcassets in Resources */ = {isa = PBXBuildFile; fileRef = 0EA8607F27334F2900CD38D7 /* Assets.xcassets */; };
		0EA8608327334F2900CD38D7 /* LaunchScreen.storyboard in Resources */ = {isa = PBXBuildFile; fileRef = 0EA8608127334F2900CD38D7 /* LaunchScreen.storyboard */; };
		1FDB374A2733A73B002537C8 /* Utilities.swift in Sources */ = {isa = PBXBuildFile; fileRef = 1FDB37492733A73B002537C8 /* Utilities.swift */; };
		77B222EC4E8966F30DB9B471 /* Pods_TinDog.framework in Frameworks */ = {isa = PBXBuildFile; fileRef = 243E609696364F3B62150CB5 /* Pods_TinDog.framework */; };
/* End PBXBuildFile section */

/* Begin PBXFileReference section */
		0E09853B27434190009AAB3E /* GoogleService-Info.plist */ = {isa = PBXFileReference; fileEncoding = 4; lastKnownFileType = text.plist.xml; path = "GoogleService-Info.plist"; sourceTree = "<group>"; };
		0E36ACE62744EFC000936088 /* WelcomeViewController.swift */ = {isa = PBXFileReference; lastKnownFileType = sourcecode.swift; path = WelcomeViewController.swift; sourceTree = "<group>"; };
		0E36ACE82744EFEA00936088 /* RegisterViewController.swift */ = {isa = PBXFileReference; lastKnownFileType = sourcecode.swift; path = RegisterViewController.swift; sourceTree = "<group>"; };
		0EA8607327334F2800CD38D7 /* TinDog.app */ = {isa = PBXFileReference; explicitFileType = wrapper.application; includeInIndex = 0; path = TinDog.app; sourceTree = BUILT_PRODUCTS_DIR; };
		0EA8607627334F2800CD38D7 /* AppDelegate.swift */ = {isa = PBXFileReference; lastKnownFileType = sourcecode.swift; path = AppDelegate.swift; sourceTree = "<group>"; };
		0EA8607827334F2800CD38D7 /* SceneDelegate.swift */ = {isa = PBXFileReference; lastKnownFileType = sourcecode.swift; path = SceneDelegate.swift; sourceTree = "<group>"; };
		0EA8607D27334F2800CD38D7 /* Base */ = {isa = PBXFileReference; lastKnownFileType = file.storyboard; name = Base; path = Base.lproj/Main.storyboard; sourceTree = "<group>"; };
		0EA8607F27334F2900CD38D7 /* Assets.xcassets */ = {isa = PBXFileReference; lastKnownFileType = folder.assetcatalog; path = Assets.xcassets; sourceTree = "<group>"; };
		0EA8608227334F2900CD38D7 /* Base */ = {isa = PBXFileReference; lastKnownFileType = file.storyboard; name = Base; path = Base.lproj/LaunchScreen.storyboard; sourceTree = "<group>"; };
		0EA8608427334F2900CD38D7 /* Info.plist */ = {isa = PBXFileReference; lastKnownFileType = text.plist.xml; path = Info.plist; sourceTree = "<group>"; };
		11BA68CB72CC898D9138B45C /* Pods-TinDog.debug.xcconfig */ = {isa = PBXFileReference; includeInIndex = 1; lastKnownFileType = text.xcconfig; name = "Pods-TinDog.debug.xcconfig"; path = "Target Support Files/Pods-TinDog/Pods-TinDog.debug.xcconfig"; sourceTree = "<group>"; };
		1FDB37492733A73B002537C8 /* Utilities.swift */ = {isa = PBXFileReference; lastKnownFileType = sourcecode.swift; path = Utilities.swift; sourceTree = "<group>"; };
		243E609696364F3B62150CB5 /* Pods_TinDog.framework */ = {isa = PBXFileReference; explicitFileType = wrapper.framework; includeInIndex = 0; path = Pods_TinDog.framework; sourceTree = BUILT_PRODUCTS_DIR; };
		D02CED5348890B1D76D53C4C /* Pods-TinDog.release.xcconfig */ = {isa = PBXFileReference; includeInIndex = 1; lastKnownFileType = text.xcconfig; name = "Pods-TinDog.release.xcconfig"; path = "Target Support Files/Pods-TinDog/Pods-TinDog.release.xcconfig"; sourceTree = "<group>"; };
/* End PBXFileReference section */

/* Begin PBXFrameworksBuildPhase section */
		0EA8607027334F2800CD38D7 /* Frameworks */ = {
			isa = PBXFrameworksBuildPhase;
			buildActionMask = 2147483647;
			files = (
				77B222EC4E8966F30DB9B471 /* Pods_TinDog.framework in Frameworks */,
			);
			runOnlyForDeploymentPostprocessing = 0;
		};
/* End PBXFrameworksBuildPhase section */

/* Begin PBXGroup section */
		0EA8606A27334F2700CD38D7 = {
			isa = PBXGroup;
			children = (
				0EA8607527334F2800CD38D7 /* TinDog */,
				0EA8607427334F2800CD38D7 /* Products */,
				5B94C445D627C179A9DB70BE /* Pods */,
				F9D22CB555E130E3C9E3E6AC /* Frameworks */,
			);
			sourceTree = "<group>";
		};
		0EA8607427334F2800CD38D7 /* Products */ = {
			isa = PBXGroup;
			children = (
				0EA8607327334F2800CD38D7 /* TinDog.app */,
			);
			name = Products;
			sourceTree = "<group>";
		};
		0EA8607527334F2800CD38D7 /* TinDog */ = {
			isa = PBXGroup;
			children = (
				1FDB37482733A726002537C8 /* Helpers */,
				1FDB37452733A5A4002537C8 /* View Controllers */,
				0EA8607627334F2800CD38D7 /* AppDelegate.swift */,
				0EA8607827334F2800CD38D7 /* SceneDelegate.swift */,
				0E36ACE62744EFC000936088 /* WelcomeViewController.swift */,
				0E36ACE82744EFEA00936088 /* RegisterViewController.swift */,
				0EA8607C27334F2800CD38D7 /* Main.storyboard */,
				0EA8607F27334F2900CD38D7 /* Assets.xcassets */,
				0EA8608127334F2900CD38D7 /* LaunchScreen.storyboard */,
				0EA8608427334F2900CD38D7 /* Info.plist */,
				0E09853B27434190009AAB3E /* GoogleService-Info.plist */,
			);
			path = TinDog;
			sourceTree = "<group>";
		};
		1FDB37452733A5A4002537C8 /* View Controllers */ = {
			isa = PBXGroup;
			children = (
			);
			path = "View Controllers";
			sourceTree = "<group>";
		};
		1FDB37482733A726002537C8 /* Helpers */ = {
			isa = PBXGroup;
			children = (
				1FDB37492733A73B002537C8 /* Utilities.swift */,
			);
			path = Helpers;
			sourceTree = "<group>";
		};
		5B94C445D627C179A9DB70BE /* Pods */ = {
			isa = PBXGroup;
			children = (
				11BA68CB72CC898D9138B45C /* Pods-TinDog.debug.xcconfig */,
				D02CED5348890B1D76D53C4C /* Pods-TinDog.release.xcconfig */,
			);
			path = Pods;
			sourceTree = "<group>";
		};
		F9D22CB555E130E3C9E3E6AC /* Frameworks */ = {
			isa = PBXGroup;
			children = (
				243E609696364F3B62150CB5 /* Pods_TinDog.framework */,
			);
			name = Frameworks;
			sourceTree = "<group>";
		};
/* End PBXGroup section */

/* Begin PBXNativeTarget section */
		0EA8607227334F2800CD38D7 /* TinDog */ = {
			isa = PBXNativeTarget;
			buildConfigurationList = 0EA8608727334F2900CD38D7 /* Build configuration list for PBXNativeTarget "TinDog" */;
			buildPhases = (
				D6CA62C5ED500DF94A7A98F9 /* [CP] Check Pods Manifest.lock */,
				0EA8606F27334F2800CD38D7 /* Sources */,
				0EA8607027334F2800CD38D7 /* Frameworks */,
				0EA8607127334F2800CD38D7 /* Resources */,
				C49D911AD2A064D4B12C9F7A /* [CP] Embed Pods Frameworks */,
			);
			buildRules = (
			);
			dependencies = (
			);
			name = TinDog;
			productName = TinDog;
			productReference = 0EA8607327334F2800CD38D7 /* TinDog.app */;
			productType = "com.apple.product-type.application";
		};
/* End PBXNativeTarget section */

/* Begin PBXProject section */
		0EA8606B27334F2700CD38D7 /* Project object */ = {
			isa = PBXProject;
			attributes = {
				BuildIndependentTargetsInParallel = 1;
				LastSwiftUpdateCheck = 1310;
				LastUpgradeCheck = 1310;
				TargetAttributes = {
					0EA8607227334F2800CD38D7 = {
						CreatedOnToolsVersion = 13.1;
					};
				};
			};
			buildConfigurationList = 0EA8606E27334F2700CD38D7 /* Build configuration list for PBXProject "TinDog" */;
			compatibilityVersion = "Xcode 13.0";
			developmentRegion = en;
			hasScannedForEncodings = 0;
			knownRegions = (
				en,
				Base,
			);
			mainGroup = 0EA8606A27334F2700CD38D7;
			productRefGroup = 0EA8607427334F2800CD38D7 /* Products */;
			projectDirPath = "";
			projectRoot = "";
			targets = (
				0EA8607227334F2800CD38D7 /* TinDog */,
			);
		};
/* End PBXProject section */

/* Begin PBXResourcesBuildPhase section */
		0EA8607127334F2800CD38D7 /* Resources */ = {
			isa = PBXResourcesBuildPhase;
			buildActionMask = 2147483647;
			files = (
				0EA8608327334F2900CD38D7 /* LaunchScreen.storyboard in Resources */,
				0E09853C27434190009AAB3E /* GoogleService-Info.plist in Resources */,
				0EA8608027334F2900CD38D7 /* Assets.xcassets in Resources */,
				0EA8607E27334F2800CD38D7 /* Main.storyboard in Resources */,
			);
			runOnlyForDeploymentPostprocessing = 0;
		};
/* End PBXResourcesBuildPhase section */

/* Begin PBXShellScriptBuildPhase section */
		C49D911AD2A064D4B12C9F7A /* [CP] Embed Pods Frameworks */ = {
			isa = PBXShellScriptBuildPhase;
			buildActionMask = 2147483647;
			files = (
			);
			inputFileListPaths = (
				"${PODS_ROOT}/Target Support Files/Pods-TinDog/Pods-TinDog-frameworks-${CONFIGURATION}-input-files.xcfilelist",
			);
			name = "[CP] Embed Pods Frameworks";
			outputFileListPaths = (
				"${PODS_ROOT}/Target Support Files/Pods-TinDog/Pods-TinDog-frameworks-${CONFIGURATION}-output-files.xcfilelist",
			);
			runOnlyForDeploymentPostprocessing = 0;
			shellPath = /bin/sh;
			shellScript = "\"${PODS_ROOT}/Target Support Files/Pods-TinDog/Pods-TinDog-frameworks.sh\"\n";
			showEnvVarsInLog = 0;
		};
		D6CA62C5ED500DF94A7A98F9 /* [CP] Check Pods Manifest.lock */ = {
			isa = PBXShellScriptBuildPhase;
			buildActionMask = 2147483647;
			files = (
			);
			inputFileListPaths = (
			);
			inputPaths = (
				"${PODS_PODFILE_DIR_PATH}/Podfile.lock",
				"${PODS_ROOT}/Manifest.lock",
			);
			name = "[CP] Check Pods Manifest.lock";
			outputFileListPaths = (
			);
			outputPaths = (
				"$(DERIVED_FILE_DIR)/Pods-TinDog-checkManifestLockResult.txt",
			);
			runOnlyForDeploymentPostprocessing = 0;
			shellPath = /bin/sh;
			shellScript = "diff \"${PODS_PODFILE_DIR_PATH}/Podfile.lock\" \"${PODS_ROOT}/Manifest.lock\" > /dev/null\nif [ $? != 0 ] ; then\n    # print error to STDERR\n    echo \"error: The sandbox is not in sync with the Podfile.lock. Run 'pod install' or update your CocoaPods installation.\" >&2\n    exit 1\nfi\n# This output is used by Xcode 'outputs' to avoid re-running this script phase.\necho \"SUCCESS\" > \"${SCRIPT_OUTPUT_FILE_0}\"\n";
			showEnvVarsInLog = 0;
		};
/* End PBXShellScriptBuildPhase section */

/* Begin PBXSourcesBuildPhase section */
		0EA8606F27334F2800CD38D7 /* Sources */ = {
			isa = PBXSourcesBuildPhase;
			buildActionMask = 2147483647;
			files = (
				0EA8607727334F2800CD38D7 /* AppDelegate.swift in Sources */,
				0E36ACE92744EFEA00936088 /* RegisterViewController.swift in Sources */,
				0E36ACE72744EFC000936088 /* WelcomeViewController.swift in Sources */,
				1FDB374A2733A73B002537C8 /* Utilities.swift in Sources */,
				0EA8607927334F2800CD38D7 /* SceneDelegate.swift in Sources */,
			);
			runOnlyForDeploymentPostprocessing = 0;
		};
/* End PBXSourcesBuildPhase section */

/* Begin PBXVariantGroup section */
		0EA8607C27334F2800CD38D7 /* Main.storyboard */ = {
			isa = PBXVariantGroup;
			children = (
				0EA8607D27334F2800CD38D7 /* Base */,
			);
			name = Main.storyboard;
			sourceTree = "<group>";
		};
		0EA8608127334F2900CD38D7 /* LaunchScreen.storyboard */ = {
			isa = PBXVariantGroup;
			children = (
				0EA8608227334F2900CD38D7 /* Base */,
			);
			name = LaunchScreen.storyboard;
			sourceTree = "<group>";
		};
/* End PBXVariantGroup section */

/* Begin XCBuildConfiguration section */
		0EA8608527334F2900CD38D7 /* Debug */ = {
			isa = XCBuildConfiguration;
			buildSettings = {
				ALWAYS_SEARCH_USER_PATHS = NO;
				CLANG_ANALYZER_NONNULL = YES;
				CLANG_ANALYZER_NUMBER_OBJECT_CONVERSION = YES_AGGRESSIVE;
				CLANG_CXX_LANGUAGE_STANDARD = "gnu++17";
				CLANG_CXX_LIBRARY = "libc++";
				CLANG_ENABLE_MODULES = YES;
				CLANG_ENABLE_OBJC_ARC = YES;
				CLANG_ENABLE_OBJC_WEAK = YES;
				CLANG_WARN_BLOCK_CAPTURE_AUTORELEASING = YES;
				CLANG_WARN_BOOL_CONVERSION = YES;
				CLANG_WARN_COMMA = YES;
				CLANG_WARN_CONSTANT_CONVERSION = YES;
				CLANG_WARN_DEPRECATED_OBJC_IMPLEMENTATIONS = YES;
				CLANG_WARN_DIRECT_OBJC_ISA_USAGE = YES_ERROR;
				CLANG_WARN_DOCUMENTATION_COMMENTS = YES;
				CLANG_WARN_EMPTY_BODY = YES;
				CLANG_WARN_ENUM_CONVERSION = YES;
				CLANG_WARN_INFINITE_RECURSION = YES;
				CLANG_WARN_INT_CONVERSION = YES;
				CLANG_WARN_NON_LITERAL_NULL_CONVERSION = YES;
				CLANG_WARN_OBJC_IMPLICIT_RETAIN_SELF = YES;
				CLANG_WARN_OBJC_LITERAL_CONVERSION = YES;
				CLANG_WARN_OBJC_ROOT_CLASS = YES_ERROR;
				CLANG_WARN_QUOTED_INCLUDE_IN_FRAMEWORK_HEADER = YES;
				CLANG_WARN_RANGE_LOOP_ANALYSIS = YES;
				CLANG_WARN_STRICT_PROTOTYPES = YES;
				CLANG_WARN_SUSPICIOUS_MOVE = YES;
				CLANG_WARN_UNGUARDED_AVAILABILITY = YES_AGGRESSIVE;
				CLANG_WARN_UNREACHABLE_CODE = YES;
				CLANG_WARN__DUPLICATE_METHOD_MATCH = YES;
				COPY_PHASE_STRIP = NO;
				DEBUG_INFORMATION_FORMAT = dwarf;
				ENABLE_STRICT_OBJC_MSGSEND = YES;
				ENABLE_TESTABILITY = YES;
				GCC_C_LANGUAGE_STANDARD = gnu11;
				GCC_DYNAMIC_NO_PIC = NO;
				GCC_NO_COMMON_BLOCKS = YES;
				GCC_OPTIMIZATION_LEVEL = 0;
				GCC_PREPROCESSOR_DEFINITIONS = (
					"DEBUG=1",
					"$(inherited)",
				);
				GCC_WARN_64_TO_32_BIT_CONVERSION = YES;
				GCC_WARN_ABOUT_RETURN_TYPE = YES_ERROR;
				GCC_WARN_UNDECLARED_SELECTOR = YES;
				GCC_WARN_UNINITIALIZED_AUTOS = YES_AGGRESSIVE;
				GCC_WARN_UNUSED_FUNCTION = YES;
				GCC_WARN_UNUSED_VARIABLE = YES;
				IPHONEOS_DEPLOYMENT_TARGET = 15.0;
				MTL_ENABLE_DEBUG_INFO = INCLUDE_SOURCE;
				MTL_FAST_MATH = YES;
				ONLY_ACTIVE_ARCH = YES;
				SDKROOT = iphoneos;
				SWIFT_ACTIVE_COMPILATION_CONDITIONS = DEBUG;
				SWIFT_OPTIMIZATION_LEVEL = "-Onone";
			};
			name = Debug;
		};
		0EA8608627334F2900CD38D7 /* Release */ = {
			isa = XCBuildConfiguration;
			buildSettings = {
				ALWAYS_SEARCH_USER_PATHS = NO;
				CLANG_ANALYZER_NONNULL = YES;
				CLANG_ANALYZER_NUMBER_OBJECT_CONVERSION = YES_AGGRESSIVE;
				CLANG_CXX_LANGUAGE_STANDARD = "gnu++17";
				CLANG_CXX_LIBRARY = "libc++";
				CLANG_ENABLE_MODULES = YES;
				CLANG_ENABLE_OBJC_ARC = YES;
				CLANG_ENABLE_OBJC_WEAK = YES;
				CLANG_WARN_BLOCK_CAPTURE_AUTORELEASING = YES;
				CLANG_WARN_BOOL_CONVERSION = YES;
				CLANG_WARN_COMMA = YES;
				CLANG_WARN_CONSTANT_CONVERSION = YES;
				CLANG_WARN_DEPRECATED_OBJC_IMPLEMENTATIONS = YES;
				CLANG_WARN_DIRECT_OBJC_ISA_USAGE = YES_ERROR;
				CLANG_WARN_DOCUMENTATION_COMMENTS = YES;
				CLANG_WARN_EMPTY_BODY = YES;
				CLANG_WARN_ENUM_CONVERSION = YES;
				CLANG_WARN_INFINITE_RECURSION = YES;
				CLANG_WARN_INT_CONVERSION = YES;
				CLANG_WARN_NON_LITERAL_NULL_CONVERSION = YES;
				CLANG_WARN_OBJC_IMPLICIT_RETAIN_SELF = YES;
				CLANG_WARN_OBJC_LITERAL_CONVERSION = YES;
				CLANG_WARN_OBJC_ROOT_CLASS = YES_ERROR;
				CLANG_WARN_QUOTED_INCLUDE_IN_FRAMEWORK_HEADER = YES;
				CLANG_WARN_RANGE_LOOP_ANALYSIS = YES;
				CLANG_WARN_STRICT_PROTOTYPES = YES;
				CLANG_WARN_SUSPICIOUS_MOVE = YES;
				CLANG_WARN_UNGUARDED_AVAILABILITY = YES_AGGRESSIVE;
				CLANG_WARN_UNREACHABLE_CODE = YES;
				CLANG_WARN__DUPLICATE_METHOD_MATCH = YES;
				COPY_PHASE_STRIP = NO;
				DEBUG_INFORMATION_FORMAT = "dwarf-with-dsym";
				ENABLE_NS_ASSERTIONS = NO;
				ENABLE_STRICT_OBJC_MSGSEND = YES;
				GCC_C_LANGUAGE_STANDARD = gnu11;
				GCC_NO_COMMON_BLOCKS = YES;
				GCC_WARN_64_TO_32_BIT_CONVERSION = YES;
				GCC_WARN_ABOUT_RETURN_TYPE = YES_ERROR;
				GCC_WARN_UNDECLARED_SELECTOR = YES;
				GCC_WARN_UNINITIALIZED_AUTOS = YES_AGGRESSIVE;
				GCC_WARN_UNUSED_FUNCTION = YES;
				GCC_WARN_UNUSED_VARIABLE = YES;
				IPHONEOS_DEPLOYMENT_TARGET = 15.0;
				MTL_ENABLE_DEBUG_INFO = NO;
				MTL_FAST_MATH = YES;
				SDKROOT = iphoneos;
				SWIFT_COMPILATION_MODE = wholemodule;
				SWIFT_OPTIMIZATION_LEVEL = "-O";
				VALIDATE_PRODUCT = YES;
			};
			name = Release;
		};
		0EA8608827334F2900CD38D7 /* Debug */ = {
			isa = XCBuildConfiguration;
			baseConfigurationReference = 11BA68CB72CC898D9138B45C /* Pods-TinDog.debug.xcconfig */;
			buildSettings = {
				ASSETCATALOG_COMPILER_APPICON_NAME = AppIcon;
				ASSETCATALOG_COMPILER_GLOBAL_ACCENT_COLOR_NAME = AccentColor;
				CODE_SIGN_STYLE = Automatic;
				CURRENT_PROJECT_VERSION = 1;
				DEVELOPMENT_TEAM = 827F2SB9G7;
				GENERATE_INFOPLIST_FILE = YES;
				INFOPLIST_FILE = TinDog/Info.plist;
				INFOPLIST_KEY_UIApplicationSupportsIndirectInputEvents = YES;
				INFOPLIST_KEY_UILaunchStoryboardName = LaunchScreen;
				INFOPLIST_KEY_UIMainStoryboardFile = Main;
				INFOPLIST_KEY_UISupportedInterfaceOrientations = "UIInterfaceOrientationPortrait UIInterfaceOrientationLandscapeLeft UIInterfaceOrientationLandscapeRight";
				INFOPLIST_KEY_UISupportedInterfaceOrientations_iPad = "UIInterfaceOrientationPortrait UIInterfaceOrientationPortraitUpsideDown UIInterfaceOrientationLandscapeLeft UIInterfaceOrientationLandscapeRight";
				INFOPLIST_KEY_UISupportedInterfaceOrientations_iPhone = "UIInterfaceOrientationPortrait UIInterfaceOrientationLandscapeLeft UIInterfaceOrientationLandscapeRight";
				LD_RUNPATH_SEARCH_PATHS = (
					"$(inherited)",
					"@executable_path/Frameworks",
				);
				MARKETING_VERSION = 1.0;
				PRODUCT_BUNDLE_IDENTIFIER = CST438.TinDog;
				PRODUCT_NAME = "$(TARGET_NAME)";
				SWIFT_EMIT_LOC_STRINGS = YES;
				SWIFT_VERSION = 5.0;
				TARGETED_DEVICE_FAMILY = 1;
			};
			name = Debug;
		};
		0EA8608927334F2900CD38D7 /* Release */ = {
			isa = XCBuildConfiguration;
			baseConfigurationReference = D02CED5348890B1D76D53C4C /* Pods-TinDog.release.xcconfig */;
			buildSettings = {
				ASSETCATALOG_COMPILER_APPICON_NAME = AppIcon;
				ASSETCATALOG_COMPILER_GLOBAL_ACCENT_COLOR_NAME = AccentColor;
				CODE_SIGN_STYLE = Automatic;
				CURRENT_PROJECT_VERSION = 1;
				DEVELOPMENT_TEAM = 827F2SB9G7;
				GENERATE_INFOPLIST_FILE = YES;
				INFOPLIST_FILE = TinDog/Info.plist;
				INFOPLIST_KEY_UIApplicationSupportsIndirectInputEvents = YES;
				INFOPLIST_KEY_UILaunchStoryboardName = LaunchScreen;
				INFOPLIST_KEY_UIMainStoryboardFile = Main;
				INFOPLIST_KEY_UISupportedInterfaceOrientations = "UIInterfaceOrientationPortrait UIInterfaceOrientationLandscapeLeft UIInterfaceOrientationLandscapeRight";
				INFOPLIST_KEY_UISupportedInterfaceOrientations_iPad = "UIInterfaceOrientationPortrait UIInterfaceOrientationPortraitUpsideDown UIInterfaceOrientationLandscapeLeft UIInterfaceOrientationLandscapeRight";
				INFOPLIST_KEY_UISupportedInterfaceOrientations_iPhone = "UIInterfaceOrientationPortrait UIInterfaceOrientationLandscapeLeft UIInterfaceOrientationLandscapeRight";
				LD_RUNPATH_SEARCH_PATHS = (
					"$(inherited)",
					"@executable_path/Frameworks",
				);
				MARKETING_VERSION = 1.0;
				PRODUCT_BUNDLE_IDENTIFIER = CST438.TinDog;
				PRODUCT_NAME = "$(TARGET_NAME)";
				SWIFT_EMIT_LOC_STRINGS = YES;
				SWIFT_VERSION = 5.0;
				TARGETED_DEVICE_FAMILY = 1;
			};
			name = Release;
		};
/* End XCBuildConfiguration section */

/* Begin XCConfigurationList section */
		0EA8606E27334F2700CD38D7 /* Build configuration list for PBXProject "TinDog" */ = {
			isa = XCConfigurationList;
			buildConfigurations = (
				0EA8608527334F2900CD38D7 /* Debug */,
				0EA8608627334F2900CD38D7 /* Release */,
			);
			defaultConfigurationIsVisible = 0;
			defaultConfigurationName = Release;
		};
		0EA8608727334F2900CD38D7 /* Build configuration list for PBXNativeTarget "TinDog" */ = {
			isa = XCConfigurationList;
			buildConfigurations = (
				0EA8608827334F2900CD38D7 /* Debug */,
				0EA8608927334F2900CD38D7 /* Release */,
			);
			defaultConfigurationIsVisible = 0;
			defaultConfigurationName = Release;
		};
/* End XCConfigurationList section */
	};
	rootObject = 0EA8606B27334F2700CD38D7 /* Project object */;
}
